
Microsoft Visual Studio Solution File, Format Version 12.00
# Visual Studio Version 17
VisualStudioVersion = 17.12.35527.113
MinimumVisualStudioVersion = 10.0.40219.1
Project("{FAE04EC0-301F-11D3-BF4B-00C04F79EFBC}") = "CRUD_MVC", "CRUD_MVC\CRUD_MVC.csproj", "{718F9BAA-13EF-4E85-96B2-40C0F64DB994}"
EndProject
Project("{FAE04EC0-301F-11D3-BF4B-00C04F79EFBC}") = "CRUD_Razor", "CRUD_Razor\CRUD_Razor.csproj", "{915EB244-EC79-4A00-926D-4B0CDEF9F288}"
EndProject
Project("{FAE04EC0-301F-11D3-BF4B-00C04F79EFBC}") = "CRUD.DataAccess", "CRUD.DataAccess\CRUD.DataAccess.csproj", "{9141D858-E980-40AC-BE05-EB2EB9D0241F}"
EndProject
Global
	GlobalSection(SolutionConfigurationPlatforms) = preSolution
		Debug|Any CPU = Debug|Any CPU
		Release|Any CPU = Release|Any CPU
	EndGlobalSection
	GlobalSection(ProjectConfigurationPlatforms) = postSolution
		{718F9BAA-13EF-4E85-96B2-40C0F64DB994}.Debug|Any CPU.ActiveCfg = Debug|Any CPU
		{718F9BAA-13EF-4E85-96B2-40C0F64DB994}.Debug|Any CPU.Build.0 = Debug|Any CPU
		{718F9BAA-13EF-4E85-96B2-40C0F64DB994}.Release|Any CPU.ActiveCfg = Release|Any CPU
		{718F9BAA-13EF-4E85-96B2-40C0F64DB994}.Release|Any CPU.Build.0 = Release|Any CPU
		{915EB244-EC79-4A00-926D-4B0CDEF9F288}.Debug|Any CPU.ActiveCfg = Debug|Any CPU
		{915EB244-EC79-4A00-926D-4B0CDEF9F288}.Debug|Any CPU.Build.0 = Debug|Any CPU
		{915EB244-EC79-4A00-926D-4B0CDEF9F288}.Release|Any CPU.ActiveCfg = Release|Any CPU
		{915EB244-EC79-4A00-926D-4B0CDEF9F288}.Release|Any CPU.Build.0 = Release|Any CPU
		{9141D858-E980-40AC-BE05-EB2EB9D0241F}.Debug|Any CPU.ActiveCfg = Debug|Any CPU
		{9141D858-E980-40AC-BE05-EB2EB9D0241F}.Debug|Any CPU.Build.0 = Debug|Any CPU
		{9141D858-E980-40AC-BE05-EB2EB9D0241F}.Release|Any CPU.ActiveCfg = Release|Any CPU
		{9141D858-E980-40AC-BE05-EB2EB9D0241F}.Release|Any CPU.Build.0 = Release|Any CPU
	EndGlobalSection
	GlobalSection(SolutionProperties) = preSolution
		HideSolutionNode = FALSE
	EndGlobalSection
EndGlobal
